
Microsoft Visual Studio Solution File, Format Version 12.00
# Visual Studio Version 16
VisualStudioVersion = 16.0.31515.178
MinimumVisualStudioVersion = 10.0.40219.1
Project("{9A19103F-16F7-4668-BE54-9A1E7A4F7556}") = "MtChangeLog.TransferObjects", "MtChangeLog.TransferObjects\MtChangeLog.TransferObjects.csproj", "{166C2713-2E11-4342-B2DD-7E47B083666F}"
EndProject
Project("{9A19103F-16F7-4668-BE54-9A1E7A4F7556}") = "MtChangeLog.Repositories", "MtChangeLog.Repositories\MtChangeLog.Repositories.csproj", "{6AFA4475-F96E-468B-98B0-7A6B9C0298EC}"
EndProject
Project("{9A19103F-16F7-4668-BE54-9A1E7A4F7556}") = "MtChangeLog.WebAPI", "MtChangeLog.WebAPI\MtChangeLog.WebAPI.csproj", "{2FD45418-3CD0-49A3-A60D-8092F7847A13}"
EndProject
Project("{9A19103F-16F7-4668-BE54-9A1E7A4F7556}") = "MtChangeLog.Tests", "MtChangeLog.Tests\MtChangeLog.Tests.csproj", "{EE699279-6DE9-41A4-80EC-F9F1CACB7E7E}"
EndProject
Project("{9A19103F-16F7-4668-BE54-9A1E7A4F7556}") = "MtChangeLog.Context", "MtChangeLog.Context\MtChangeLog.Context.csproj", "{10BE94BB-39C7-4E3A-A50A-B86DDA9430B1}"
EndProject
Project("{9A19103F-16F7-4668-BE54-9A1E7A4F7556}") = "MtChangeLog.Abstractions", "MtChangeLog.Abstractions\MtChangeLog.Abstractions.csproj", "{6FC4F51A-6F38-40F4-899D-C7EF4D1A0B90}"
EndProject
Project("{9A19103F-16F7-4668-BE54-9A1E7A4F7556}") = "MtChangeLog.Entities", "MtChangeLog.Entities\MtChangeLog.Entities.csproj", "{54955AE9-38D6-42C0-BA5E-AE327FB3E5A4}"
EndProject
Project("{9A19103F-16F7-4668-BE54-9A1E7A4F7556}") = "MtChangeLog.Services", "MtChangeLog.Services\MtChangeLog.Services.csproj", "{206C87A3-9EFD-4B52-9E2B-93530C88E1AE}"
EndProject
Project("{9A19103F-16F7-4668-BE54-9A1E7A4F7556}") = "MtChangeLog.Entities.Builders", "MtChangeLog.Entities.Builders\MtChangeLog.Entities.Builders.csproj", "{15BB9412-3EE4-4AC9-A27F-4F6CA1C8AF1C}"
EndProject
Global
	GlobalSection(SolutionConfigurationPlatforms) = preSolution
		Debug|Any CPU = Debug|Any CPU
		Release|Any CPU = Release|Any CPU
	EndGlobalSection
	GlobalSection(ProjectConfigurationPlatforms) = postSolution
		{166C2713-2E11-4342-B2DD-7E47B083666F}.Debug|Any CPU.ActiveCfg = Debug|Any CPU
		{166C2713-2E11-4342-B2DD-7E47B083666F}.Debug|Any CPU.Build.0 = Debug|Any CPU
		{166C2713-2E11-4342-B2DD-7E47B083666F}.Release|Any CPU.ActiveCfg = Release|Any CPU
		{166C2713-2E11-4342-B2DD-7E47B083666F}.Release|Any CPU.Build.0 = Release|Any CPU
		{6AFA4475-F96E-468B-98B0-7A6B9C0298EC}.Debug|Any CPU.ActiveCfg = Debug|Any CPU
		{6AFA4475-F96E-468B-98B0-7A6B9C0298EC}.Debug|Any CPU.Build.0 = Debug|Any CPU
		{6AFA4475-F96E-468B-98B0-7A6B9C0298EC}.Release|Any CPU.ActiveCfg = Release|Any CPU
		{6AFA4475-F96E-468B-98B0-7A6B9C0298EC}.Release|Any CPU.Build.0 = Release|Any CPU
		{2FD45418-3CD0-49A3-A60D-8092F7847A13}.Debug|Any CPU.ActiveCfg = Debug|Any CPU
		{2FD45418-3CD0-49A3-A60D-8092F7847A13}.Debug|Any CPU.Build.0 = Debug|Any CPU
		{2FD45418-3CD0-49A3-A60D-8092F7847A13}.Release|Any CPU.ActiveCfg = Release|Any CPU
		{2FD45418-3CD0-49A3-A60D-8092F7847A13}.Release|Any CPU.Build.0 = Release|Any CPU
		{EE699279-6DE9-41A4-80EC-F9F1CACB7E7E}.Debug|Any CPU.ActiveCfg = Debug|Any CPU
		{EE699279-6DE9-41A4-80EC-F9F1CACB7E7E}.Debug|Any CPU.Build.0 = Debug|Any CPU
		{EE699279-6DE9-41A4-80EC-F9F1CACB7E7E}.Release|Any CPU.ActiveCfg = Release|Any CPU
		{EE699279-6DE9-41A4-80EC-F9F1CACB7E7E}.Release|Any CPU.Build.0 = Release|Any CPU
		{10BE94BB-39C7-4E3A-A50A-B86DDA9430B1}.Debug|Any CPU.ActiveCfg = Debug|Any CPU
		{10BE94BB-39C7-4E3A-A50A-B86DDA9430B1}.Debug|Any CPU.Build.0 = Debug|Any CPU
		{10BE94BB-39C7-4E3A-A50A-B86DDA9430B1}.Release|Any CPU.ActiveCfg = Release|Any CPU
		{10BE94BB-39C7-4E3A-A50A-B86DDA9430B1}.Release|Any CPU.Build.0 = Release|Any CPU
		{6FC4F51A-6F38-40F4-899D-C7EF4D1A0B90}.Debug|Any CPU.ActiveCfg = Debug|Any CPU
		{6FC4F51A-6F38-40F4-899D-C7EF4D1A0B90}.Debug|Any CPU.Build.0 = Debug|Any CPU
		{6FC4F51A-6F38-40F4-899D-C7EF4D1A0B90}.Release|Any CPU.ActiveCfg = Release|Any CPU
		{6FC4F51A-6F38-40F4-899D-C7EF4D1A0B90}.Release|Any CPU.Build.0 = Release|Any CPU
		{54955AE9-38D6-42C0-BA5E-AE327FB3E5A4}.Debug|Any CPU.ActiveCfg = Debug|Any CPU
		{54955AE9-38D6-42C0-BA5E-AE327FB3E5A4}.Debug|Any CPU.Build.0 = Debug|Any CPU
		{54955AE9-38D6-42C0-BA5E-AE327FB3E5A4}.Release|Any CPU.ActiveCfg = Release|Any CPU
		{54955AE9-38D6-42C0-BA5E-AE327FB3E5A4}.Release|Any CPU.Build.0 = Release|Any CPU
		{206C87A3-9EFD-4B52-9E2B-93530C88E1AE}.Debug|Any CPU.ActiveCfg = Debug|Any CPU
		{206C87A3-9EFD-4B52-9E2B-93530C88E1AE}.Debug|Any CPU.Build.0 = Debug|Any CPU
		{206C87A3-9EFD-4B52-9E2B-93530C88E1AE}.Release|Any CPU.ActiveCfg = Release|Any CPU
		{206C87A3-9EFD-4B52-9E2B-93530C88E1AE}.Release|Any CPU.Build.0 = Release|Any CPU
		{15BB9412-3EE4-4AC9-A27F-4F6CA1C8AF1C}.Debug|Any CPU.ActiveCfg = Debug|Any CPU
		{15BB9412-3EE4-4AC9-A27F-4F6CA1C8AF1C}.Debug|Any CPU.Build.0 = Debug|Any CPU
		{15BB9412-3EE4-4AC9-A27F-4F6CA1C8AF1C}.Release|Any CPU.ActiveCfg = Release|Any CPU
		{15BB9412-3EE4-4AC9-A27F-4F6CA1C8AF1C}.Release|Any CPU.Build.0 = Release|Any CPU
	EndGlobalSection
	GlobalSection(SolutionProperties) = preSolution
		HideSolutionNode = FALSE
	EndGlobalSection
	GlobalSection(ExtensibilityGlobals) = postSolution
		SolutionGuid = {08D0992C-69EB-43ED-9C1C-28224BA32E58}
	EndGlobalSection
EndGlobal
